{
  "name": "github-actions-test",
  "version": "2.2.0",
  "lockfileVersion": 3,
  "requires": true,
  "packages": {
    "": {
      "name": "github-actions-test",
      "version": "2.2.0",
      "license": "ISC",
      "workspaces": [
        "packages/first",
        "packages/second"
      ]
    },
    "node_modules/first": {
      "resolved": "packages/first",
      "link": true
    },
    "node_modules/second": {
      "resolved": "packages/second",
      "link": true
    },
    "packages/first": {
      "version": "2.2.0",
      "license": "ISC",
      "devDependencies": {}
    },
    "packages/second": {
      "version": "2.2.0",
      "license": "ISC",
      "devDependencies": {}
    }
  }
}
